
Microsoft Visual Studio Solution File, Format Version 12.00
# Visual Studio Version 17
VisualStudioVersion = 17.5.33627.172
MinimumVisualStudioVersion = 10.0.40219.1
Project("{9A19103F-16F7-4668-BE54-9A1E7A4F7556}") = "Roblox.Website", "Roblox.Website\Roblox.Website.csproj", "{D9F5B9B1-BC4F-4E39-9A2D-1555BF37C5FE}"
EndProject
Project("{2150E333-8FDC-42A3-9474-1A3956D46DE8}") = "Web", "Web", "{16572BAE-40F4-47A8-BC9F-F59037643A63}"
EndProject
Project("{2150E333-8FDC-42A3-9474-1A3956D46DE8}") = "Core Assemblies", "Core Assemblies", "{E983FD40-2749-4C04-B6BA-E835CA4045C8}"
EndProject
Project("{2150E333-8FDC-42A3-9474-1A3956D46DE8}") = "EntityFrameworkCore", "EntityFrameworkCore", "{4D829F4E-A1B6-4336-A525-7E0380AE10BA}"
EndProject
Project("{9A19103F-16F7-4668-BE54-9A1E7A4F7556}") = "Roblox.EntityFrameworkCore", "..\Assemblies\EntityFrameworkCore\Roblox.EntityFrameworkCore\Roblox.EntityFrameworkCore.csproj", "{B6D79AE0-36C8-4E91-B901-FC4B95716A8B}"
EndProject
Project("{2150E333-8FDC-42A3-9474-1A3956D46DE8}") = "Users", "Users", "{B7B80A5F-A4AB-4537-A31E-63A174D292E7}"
EndProject
Project("{9A19103F-16F7-4668-BE54-9A1E7A4F7556}") = "Roblox.Users", "..\Assemblies\Users\Roblox.Users\Roblox.Users.csproj", "{610F21C8-7537-4C2F-9B95-8A2CDE7ED324}"
EndProject
Project("{2150E333-8FDC-42A3-9474-1A3956D46DE8}") = "Platform Assemblies", "Platform Assemblies", "{F0324D42-F8FB-4E90-A0BF-087114BAE18A}"
EndProject
Project("{2150E333-8FDC-42A3-9474-1A3956D46DE8}") = "Membership", "Membership", "{31905177-9D55-4044-AF83-48A4D18AD336}"
EndProject
Project("{9A19103F-16F7-4668-BE54-9A1E7A4F7556}") = "Roblox.Platform.Membership.Core", "..\Assemblies\Platform\Membership\Roblox.Platform.Membership.Core\Roblox.Platform.Membership.Core.csproj", "{EE7D0F1C-8505-4687-8E53-6ECEFD5C362C}"
EndProject
Project("{9A19103F-16F7-4668-BE54-9A1E7A4F7556}") = "Roblox.Platform.Membership", "..\Assemblies\Platform\Membership\Roblox.Platform.Membership\Roblox.Platform.Membership.csproj", "{A07C5414-6721-4BC7-A9D0-43C3BE6D527A}"
EndProject
Project("{2150E333-8FDC-42A3-9474-1A3956D46DE8}") = "EventLog", "EventLog", "{C542E850-429B-4184-9248-F2B75D54A5A4}"
EndProject
Project("{9A19103F-16F7-4668-BE54-9A1E7A4F7556}") = "Roblox.EventLog", "..\Assemblies\EventLog\Roblox.EventLog\Roblox.EventLog.csproj", "{0D1459AB-D13A-416D-8EA6-DFE8A3E28F46}"
EndProject
Project("{9A19103F-16F7-4668-BE54-9A1E7A4F7556}") = "Roblox.EventLog.Extended", "..\Assemblies\EventLog\Roblox.EventLog.Extended\Roblox.EventLog.Extended.csproj", "{BFB4F120-B089-4B4A-BB0B-E6A59F3958CE}"
EndProject
Project("{2150E333-8FDC-42A3-9474-1A3956D46DE8}") = "Core", "Core", "{24FABB74-AF34-4428-B307-E8B0BB582AD0}"
EndProject
Project("{9A19103F-16F7-4668-BE54-9A1E7A4F7556}") = "Roblox.Platform.Core", "..\Assemblies\Platform\Core\Roblox.Platform.Core\Roblox.Platform.Core.csproj", "{2298EB38-A1D8-48D8-8C48-86E8E8DF0B2E}"
EndProject
Project("{2150E333-8FDC-42A3-9474-1A3956D46DE8}") = "Configuration", "Configuration", "{69A863DE-CFDA-458C-BC52-43A0296C3EE5}"
EndProject
Project("{9A19103F-16F7-4668-BE54-9A1E7A4F7556}") = "Roblox.Configuration", "..\Assemblies\Configuration\Roblox.Configuration\Roblox.Configuration.csproj", "{3431ABC0-FEC1-4D1B-8E11-7B0FF19DB9E4}"
EndProject
Project("{2150E333-8FDC-42A3-9474-1A3956D46DE8}") = "Email", "Email", "{4027B7F9-D11E-4DAA-86A4-8DF0ED6F09E6}"
EndProject
Project("{2150E333-8FDC-42A3-9474-1A3956D46DE8}") = "Roles", "Roles", "{1AC04A9F-4D19-499A-A42F-5FF44B04E762}"
EndProject
Project("{9A19103F-16F7-4668-BE54-9A1E7A4F7556}") = "Roblox.Platform.Email", "..\Assemblies\Platform\Email\Roblox.Platform.Email\Roblox.Platform.Email.csproj", "{E6874637-1CC0-46B2-85D9-277D0995FD07}"
EndProject
Project("{9A19103F-16F7-4668-BE54-9A1E7A4F7556}") = "Roblox.Platform.Roles", "..\Assemblies\Platform\Roles\Roblox.Platform.Roles\Roblox.Platform.Roles.csproj", "{B101CC09-752E-4C39-8AB7-B1D35CB371ED}"
EndProject
Project("{9A19103F-16F7-4668-BE54-9A1E7A4F7556}") = "Roblox.Platform.Roles.Core", "..\Assemblies\Platform\Roles\Roblox.Platform.Roles.Core\Roblox.Platform.Roles.Core.csproj", "{D02F0DBB-3163-4318-8CD1-696793330C66}"
EndProject
Project("{2150E333-8FDC-42A3-9474-1A3956D46DE8}") = "DataV2", "DataV2", "{8D88587F-E7CB-439F-BD05-ED80AAB33DD6}"
EndProject
Project("{9A19103F-16F7-4668-BE54-9A1E7A4F7556}") = "Roblox.DataV2.Core", "..\Assemblies\DataV2\Core\Roblox.DataV2.Core\Roblox.DataV2.Core.csproj", "{54D70F74-1FEE-4D68-AAF7-C9D839EC07ED}"
EndProject
Project("{2150E333-8FDC-42A3-9474-1A3956D46DE8}") = "Data", "Data", "{E1461B94-2D3F-48BC-984A-C795C35A0277}"
EndProject
Project("{2150E333-8FDC-42A3-9474-1A3956D46DE8}") = "Caching", "Caching", "{06DBA39D-E41A-46E5-A3DB-F3CF97739B0B}"
EndProject
Project("{9A19103F-16F7-4668-BE54-9A1E7A4F7556}") = "Roblox.Caching", "..\Assemblies\Caching\Roblox.Caching\Roblox.Caching.csproj", "{57DA836E-1AFE-4D7C-9BF0-DC47BAFA18BB}"
EndProject
Project("{9A19103F-16F7-4668-BE54-9A1E7A4F7556}") = "Roblox.Data", "..\Assemblies\Data\Roblox.Data\Roblox.Data.csproj", "{B4B37243-F9F7-45FE-AC83-F9D384B141D0}"
EndProject
Project("{2150E333-8FDC-42A3-9474-1A3956D46DE8}") = "Common", "Common", "{E7D3D144-E3F6-4CD3-BC87-490C033CAFA3}"
EndProject
Project("{FAE04EC0-301F-11D3-BF4B-00C04F79EFBC}") = "Roblox.Common", "..\Assemblies\Common\Roblox.Common\Roblox.Common.csproj", "{B635C6C6-044D-4403-90D9-0B833C84B7C8}"
EndProject
Project("{FAE04EC0-301F-11D3-BF4B-00C04F79EFBC}") = "Roblox.Common.Web", "..\Assemblies\Common\Roblox.Common.Web\Roblox.Common.Web.csproj", "{1EA9CD64-6DFA-4BBB-945B-104F7841B8DA}"
EndProject
Project("{9A19103F-16F7-4668-BE54-9A1E7A4F7556}") = "Roblox.Common.NetStandard", "..\Assemblies\Common\Roblox.Common.NetStandard\Roblox.Common.NetStandard.csproj", "{6F7C33F9-7809-48B7-BC12-21A90AEED683}"
EndProject
Project("{2150E333-8FDC-42A3-9474-1A3956D46DE8}") = "Mssql", "Mssql", "{28F7EF20-FEA4-4A92-9C19-4BA69E2A63B9}"
EndProject
Project("{9A19103F-16F7-4668-BE54-9A1E7A4F7556}") = "Roblox.MssqlDatabases", "..\Assemblies\Mssql\Roblox.MssqlDatabases\Roblox.MssqlDatabases.csproj", "{424AC431-0E10-4789-BD95-302E40D3DD91}"
EndProject
Project("{9A19103F-16F7-4668-BE54-9A1E7A4F7556}") = "Roblox.Web.Authentication", "..\Assemblies\Web\Roblox.Web.Authentication\Roblox.Web.Authentication.csproj", "{5F6A28A2-E011-4A56-A9F3-6A81E23D9E42}"
EndProject
Project("{9A19103F-16F7-4668-BE54-9A1E7A4F7556}") = "Roblox.EntityFrameworkCore.Unit.Tests", "..\Assemblies\EntityFrameworkCore\Roblox.EntityFrameworkCore.Unit.Tests\Roblox.EntityFrameworkCore.Unit.Tests.csproj", "{6F339EB1-ADA0-46DE-9A4A-550B53B9B95D}"
EndProject
Project("{2150E333-8FDC-42A3-9474-1A3956D46DE8}") = "Authentication", "Authentication", "{79DE2F76-9442-4992-992E-60129883ABA3}"
EndProject
Project("{9A19103F-16F7-4668-BE54-9A1E7A4F7556}") = "Roblox.Platform.Authentication", "..\Assemblies\Platform\Authentication\Roblox.Platform.Authentication\Roblox.Platform.Authentication.csproj", "{2B91696E-5CC8-4AAB-9559-B04B6F57E09D}"
EndProject
Project("{9A19103F-16F7-4668-BE54-9A1E7A4F7556}") = "Roblox.Platform.Authentication.Core", "..\Assemblies\Platform\Authentication\Roblox.Platform.Authentication.Core\Roblox.Platform.Authentication.Core.csproj", "{3DAF1DB1-006E-406F-8ED4-0A607452ABB3}"
EndProject
Project("{9A19103F-16F7-4668-BE54-9A1E7A4F7556}") = "Roblox.Web.StaticContentV2", "..\Assemblies\Web\StaticContent\Roblox.Web.StaticContentV2\Roblox.Web.StaticContentV2.csproj", "{077F83E0-FFE5-4DD2-9F25-713AAE245EED}"
EndProject
Project("{9A19103F-16F7-4668-BE54-9A1E7A4F7556}") = "Roblox.WebsiteSettings", "..\Assemblies\Configuration\Roblox.WebsiteSettings\Roblox.WebsiteSettings.csproj", "{2771A897-6132-4F2E-A6B8-96E64DE157B2}"
EndProject
Project("{9A19103F-16F7-4668-BE54-9A1E7A4F7556}") = "Roblox.Web.Code", "..\Assemblies\Web\Code\Roblox.Web.Code\Roblox.Web.Code.csproj", "{D7C4DAD3-09E8-4B9D-8622-5442EC8ED865}"
EndProject
Project("{FAE04EC0-301F-11D3-BF4B-00C04F79EFBC}") = "Roblox.Platform.Membership.Commands", "..\Assemblies\Platform\Membership\Roblox.Platform.Membership.Commands\Roblox.Platform.Membership.Commands.csproj", "{42384262-1491-4212-86F9-770A39AA3E11}"
EndProject
Project("{2150E333-8FDC-42A3-9474-1A3956D46DE8}") = "Databases", "Databases", "{7D5D72AD-B0FC-476E-AFEE-B302FE00EEA2}"
EndProject
Project("{9A19103F-16F7-4668-BE54-9A1E7A4F7556}") = "Roblox.Databases", "..\Assemblies\Databases\Roblox.Databases\Roblox.Databases.csproj", "{D6D8449F-ABCA-4449-BC4B-3CE291D8D63D}"
EndProject
Project("{9A19103F-16F7-4668-BE54-9A1E7A4F7556}") = "Roblox.Web.Responses", "..\Assemblies\Web\Responses\Roblox.Web.Responses\Roblox.Web.Responses.csproj", "{7375A529-48C2-4E92-B42E-2875E1D04BE0}"
EndProject
Project("{9A19103F-16F7-4668-BE54-9A1E7A4F7556}") = "Roblox.Web.WebAPI", "..\Assemblies\Web\WebAPI\Roblox.Web.WebAPI\Roblox.Web.WebAPI.csproj", "{723627DB-C546-43FA-BCB5-1BAA8E865377}"
EndProject
Project("{9A19103F-16F7-4668-BE54-9A1E7A4F7556}") = "Roblox.Web.HttpContextCore", "..\Assemblies\Web\HttpContextCore\Roblox.Web.HttpContextCore\Roblox.Web.HttpContextCore.csproj", "{6D84887C-27BF-4CF7-9D79-A32300B4EA0A}"
EndProject
Project("{9A19103F-16F7-4668-BE54-9A1E7A4F7556}") = "Roblox.Web.Maintenance", "..\Assemblies\Web\Maintenance\Roblox.Web.Maintenance\Roblox.Web.Maintenance.csproj", "{25326ADE-74C3-4A6B-A038-2AB4381F1A83}"
EndProject
Project("{9A19103F-16F7-4668-BE54-9A1E7A4F7556}") = "Roblox.Web.Mvc", "..\Assemblies\Web\Mvc\Roblox.Web.Mvc\Roblox.Web.Mvc.csproj", "{C80D4D4E-9684-464F-92F8-72BAB6B43728}"
EndProject
Project("{9A19103F-16F7-4668-BE54-9A1E7A4F7556}") = "Roblox.Web.RazorPages", "..\Assemblies\Web\Roblox.Web.RazorPages\Roblox.Web.RazorPages.csproj", "{377581B4-364F-4FF6-8DC0-C1BC59D0CF2A}"
EndProject
Project("{2150E333-8FDC-42A3-9474-1A3956D46DE8}") = "Instrumentation", "Instrumentation", "{59D71008-E3CC-446E-9387-A94BF1F9017F}"
EndProject
Project("{9A19103F-16F7-4668-BE54-9A1E7A4F7556}") = "Roblox.Instrumentation", "..\Assemblies\Instrumentation\Roblox.Instrumentation\Roblox.Instrumentation.csproj", "{CCE1F356-FBC9-4199-ADFE-79D4BCBF3C82}"
EndProject
Project("{2150E333-8FDC-42A3-9474-1A3956D46DE8}") = "Redis", "Redis", "{A706B49E-0EF2-484B-AC9F-868418482359}"
EndProject
Project("{9A19103F-16F7-4668-BE54-9A1E7A4F7556}") = "Roblox.Redis", "..\Assemblies\Redis\Roblox.Redis\Roblox.Redis.csproj", "{366D05FB-9375-4DBE-B91B-35A66BD33C3B}"
EndProject
Project("{9A19103F-16F7-4668-BE54-9A1E7A4F7556}") = "Roblox.MemcachedClient", "..\Assemblies\Caching\MemCachedClient\Roblox.MemcachedClient.csproj", "{D6B1BDFE-2A53-47A1-BC35-92D482F5365B}"
EndProject
Project("{2150E333-8FDC-42A3-9474-1A3956D46DE8}") = "Sentinels", "Sentinels", "{C315EF9D-B3CE-4366-8A8B-B1A03F3E2A60}"
EndProject
Project("{9A19103F-16F7-4668-BE54-9A1E7A4F7556}") = "Roblox.Sentinels", "..\Assemblies\Sentinels\Roblox.Sentinels\Roblox.Sentinels.csproj", "{0CD3074E-5F90-4753-8D52-76B8604366C1}"
EndProject
Project("{2150E333-8FDC-42A3-9474-1A3956D46DE8}") = "Security", "Security", "{717E16F6-0748-4568-9366-F8324A6144BB}"
EndProject
Project("{9A19103F-16F7-4668-BE54-9A1E7A4F7556}") = "Roblox.Platform.Security", "..\Assemblies\Platform\Security\Roblox.Platform.Security\Roblox.Platform.Security.csproj", "{8FFD9F13-1F91-40BD-AF53-9A773EB57BA0}"
EndProject
Project("{9A19103F-16F7-4668-BE54-9A1E7A4F7556}") = "Roblox.Platform.Security.Core", "..\Assemblies\Platform\Security\Roblox.Platform.Security.Core\Roblox.Platform.Security.Core.csproj", "{55B99685-C168-49E9-A7E3-865D9D68D23C}"
EndProject
Project("{2150E333-8FDC-42A3-9474-1A3956D46DE8}") = "LightUtils", "LightUtils", "{3632E7D7-8A68-43BA-967A-B3C549C46B65}"
EndProject
Project("{9A19103F-16F7-4668-BE54-9A1E7A4F7556}") = "Roblox.LightUtils", "..\Assemblies\LightUtils\Roblox.LightUtils\Roblox.LightUtils.csproj", "{C78B0DBF-6505-4D8F-BE3A-22446AD9CBD9}"
EndProject
Project("{FAE04EC0-301F-11D3-BF4B-00C04F79EFBC}") = "Roblox.Web.Core", "..\Assemblies\Core\Roblox.Web.Core\Roblox.Web.Core.csproj", "{21C3652D-0CC1-4D46-8050-72EC34CF6403}"
EndProject
Project("{2150E333-8FDC-42A3-9474-1A3956D46DE8}") = "Hashing", "Hashing", "{0CFA066D-4353-427D-827E-310A22AB30E9}"
EndProject
Project("{9A19103F-16F7-4668-BE54-9A1E7A4F7556}") = "Roblox.Hashing", "..\Assemblies\Hashing\Roblox.Hashing\Roblox.Hashing.csproj", "{9CD89FB0-7066-4C5A-AA12-EA5680640888}"
EndProject
Project("{2150E333-8FDC-42A3-9474-1A3956D46DE8}") = "Assets", "Assets", "{37802AE1-F94F-4C3C-B119-C6E83C2AECD3}"
EndProject
Project("{FAE04EC0-301F-11D3-BF4B-00C04F79EFBC}") = "Roblox.Assets", "..\Assemblies\Assets\Roblox.Assets\Roblox.Assets.csproj", "{89F20D28-E035-4A75-8722-0A33FCC38E1D}"
EndProject
Project("{9A19103F-16F7-4668-BE54-9A1E7A4F7556}") = "Roblox.Platform.Email.Entities", "..\Assemblies\Platform\Email\Roblox.Platform.Email.Entities\Roblox.Platform.Email.Entities.csproj", "{4B3EC540-AC44-436F-AD47-C31A63FEBE5C}"
EndProject
Project("{9A19103F-16F7-4668-BE54-9A1E7A4F7556}") = "Roblox.Platform.Email.Core", "..\Assemblies\Platform\Email\Roblox.Platform.Email.Core\Roblox.Platform.Email.Core.csproj", "{6E5B20EF-E7C5-4715-A080-BC934D346BD8}"
EndProject
Project("{9A19103F-16F7-4668-BE54-9A1E7A4F7556}") = "Roblox.Platform.Roles.Entities", "..\Assemblies\Platform\Roles\Roblox.Platform.Roles.Entities\Roblox.Platform.Roles.Entities.csproj", "{2281FC7F-E52F-45F8-936A-A4029449F23D}"
EndProject
Project("{9A19103F-16F7-4668-BE54-9A1E7A4F7556}") = "Roblox.Platform.Authentication.Entities", "..\Assemblies\Platform\Authentication\Roblox.Platform.Authentication.Entities\Roblox.Platform.Authentication.Entities.csproj", "{CD19DBDF-0DE8-4F61-B910-D77385649EF3}"
EndProject
Project("{9A19103F-16F7-4668-BE54-9A1E7A4F7556}") = "Roblox.TranslationResources", "..\Assemblies\TranslationResources\Roblox.TranslationResources\Roblox.TranslationResources.csproj", "{DA021F88-B67E-45CB-9AF0-B4787A29E3A1}"
EndProject
Project("{2150E333-8FDC-42A3-9474-1A3956D46DE8}") = "TranslationResources", "TranslationResources", "{91A5D60B-AE95-4BF4-8D02-D2D6E984CAE9}"
EndProject
Global
	GlobalSection(SolutionConfigurationPlatforms) = preSolution
		Debug|Any CPU = Debug|Any CPU
		Release|Any CPU = Release|Any CPU
	EndGlobalSection
	GlobalSection(ProjectConfigurationPlatforms) = postSolution
		{D9F5B9B1-BC4F-4E39-9A2D-1555BF37C5FE}.Debug|Any CPU.ActiveCfg = Debug|Any CPU
		{D9F5B9B1-BC4F-4E39-9A2D-1555BF37C5FE}.Debug|Any CPU.Build.0 = Debug|Any CPU
		{D9F5B9B1-BC4F-4E39-9A2D-1555BF37C5FE}.Release|Any CPU.ActiveCfg = Release|Any CPU
		{D9F5B9B1-BC4F-4E39-9A2D-1555BF37C5FE}.Release|Any CPU.Build.0 = Release|Any CPU
		{B6D79AE0-36C8-4E91-B901-FC4B95716A8B}.Debug|Any CPU.ActiveCfg = Debug|Any CPU
		{B6D79AE0-36C8-4E91-B901-FC4B95716A8B}.Debug|Any CPU.Build.0 = Debug|Any CPU
		{B6D79AE0-36C8-4E91-B901-FC4B95716A8B}.Release|Any CPU.ActiveCfg = Release|Any CPU
		{B6D79AE0-36C8-4E91-B901-FC4B95716A8B}.Release|Any CPU.Build.0 = Release|Any CPU
		{610F21C8-7537-4C2F-9B95-8A2CDE7ED324}.Debug|Any CPU.ActiveCfg = Debug|Any CPU
		{610F21C8-7537-4C2F-9B95-8A2CDE7ED324}.Debug|Any CPU.Build.0 = Debug|Any CPU
		{610F21C8-7537-4C2F-9B95-8A2CDE7ED324}.Release|Any CPU.ActiveCfg = Release|Any CPU
		{610F21C8-7537-4C2F-9B95-8A2CDE7ED324}.Release|Any CPU.Build.0 = Release|Any CPU
		{EE7D0F1C-8505-4687-8E53-6ECEFD5C362C}.Debug|Any CPU.ActiveCfg = Debug|Any CPU
		{EE7D0F1C-8505-4687-8E53-6ECEFD5C362C}.Debug|Any CPU.Build.0 = Debug|Any CPU
		{EE7D0F1C-8505-4687-8E53-6ECEFD5C362C}.Release|Any CPU.ActiveCfg = Release|Any CPU
		{EE7D0F1C-8505-4687-8E53-6ECEFD5C362C}.Release|Any CPU.Build.0 = Release|Any CPU
		{A07C5414-6721-4BC7-A9D0-43C3BE6D527A}.Debug|Any CPU.ActiveCfg = Debug|Any CPU
		{A07C5414-6721-4BC7-A9D0-43C3BE6D527A}.Debug|Any CPU.Build.0 = Debug|Any CPU
		{A07C5414-6721-4BC7-A9D0-43C3BE6D527A}.Release|Any CPU.ActiveCfg = Release|Any CPU
		{A07C5414-6721-4BC7-A9D0-43C3BE6D527A}.Release|Any CPU.Build.0 = Release|Any CPU
		{0D1459AB-D13A-416D-8EA6-DFE8A3E28F46}.Debug|Any CPU.ActiveCfg = Debug|Any CPU
		{0D1459AB-D13A-416D-8EA6-DFE8A3E28F46}.Debug|Any CPU.Build.0 = Debug|Any CPU
		{0D1459AB-D13A-416D-8EA6-DFE8A3E28F46}.Release|Any CPU.ActiveCfg = Release|Any CPU
		{0D1459AB-D13A-416D-8EA6-DFE8A3E28F46}.Release|Any CPU.Build.0 = Release|Any CPU
		{BFB4F120-B089-4B4A-BB0B-E6A59F3958CE}.Debug|Any CPU.ActiveCfg = Debug|Any CPU
		{BFB4F120-B089-4B4A-BB0B-E6A59F3958CE}.Debug|Any CPU.Build.0 = Debug|Any CPU
		{BFB4F120-B089-4B4A-BB0B-E6A59F3958CE}.Release|Any CPU.ActiveCfg = Release|Any CPU
		{BFB4F120-B089-4B4A-BB0B-E6A59F3958CE}.Release|Any CPU.Build.0 = Release|Any CPU
		{2298EB38-A1D8-48D8-8C48-86E8E8DF0B2E}.Debug|Any CPU.ActiveCfg = Debug|Any CPU
		{2298EB38-A1D8-48D8-8C48-86E8E8DF0B2E}.Debug|Any CPU.Build.0 = Debug|Any CPU
		{2298EB38-A1D8-48D8-8C48-86E8E8DF0B2E}.Release|Any CPU.ActiveCfg = Release|Any CPU
		{2298EB38-A1D8-48D8-8C48-86E8E8DF0B2E}.Release|Any CPU.Build.0 = Release|Any CPU
		{3431ABC0-FEC1-4D1B-8E11-7B0FF19DB9E4}.Debug|Any CPU.ActiveCfg = Debug|Any CPU
		{3431ABC0-FEC1-4D1B-8E11-7B0FF19DB9E4}.Debug|Any CPU.Build.0 = Debug|Any CPU
		{3431ABC0-FEC1-4D1B-8E11-7B0FF19DB9E4}.Release|Any CPU.ActiveCfg = Release|Any CPU
		{3431ABC0-FEC1-4D1B-8E11-7B0FF19DB9E4}.Release|Any CPU.Build.0 = Release|Any CPU
		{E6874637-1CC0-46B2-85D9-277D0995FD07}.Debug|Any CPU.ActiveCfg = Debug|Any CPU
		{E6874637-1CC0-46B2-85D9-277D0995FD07}.Debug|Any CPU.Build.0 = Debug|Any CPU
		{E6874637-1CC0-46B2-85D9-277D0995FD07}.Release|Any CPU.ActiveCfg = Release|Any CPU
		{E6874637-1CC0-46B2-85D9-277D0995FD07}.Release|Any CPU.Build.0 = Release|Any CPU
		{B101CC09-752E-4C39-8AB7-B1D35CB371ED}.Debug|Any CPU.ActiveCfg = Debug|Any CPU
		{B101CC09-752E-4C39-8AB7-B1D35CB371ED}.Debug|Any CPU.Build.0 = Debug|Any CPU
		{B101CC09-752E-4C39-8AB7-B1D35CB371ED}.Release|Any CPU.ActiveCfg = Release|Any CPU
		{B101CC09-752E-4C39-8AB7-B1D35CB371ED}.Release|Any CPU.Build.0 = Release|Any CPU
		{D02F0DBB-3163-4318-8CD1-696793330C66}.Debug|Any CPU.ActiveCfg = Debug|Any CPU
		{D02F0DBB-3163-4318-8CD1-696793330C66}.Debug|Any CPU.Build.0 = Debug|Any CPU
		{D02F0DBB-3163-4318-8CD1-696793330C66}.Release|Any CPU.ActiveCfg = Release|Any CPU
		{D02F0DBB-3163-4318-8CD1-696793330C66}.Release|Any CPU.Build.0 = Release|Any CPU
		{54D70F74-1FEE-4D68-AAF7-C9D839EC07ED}.Debug|Any CPU.ActiveCfg = Debug|Any CPU
		{54D70F74-1FEE-4D68-AAF7-C9D839EC07ED}.Debug|Any CPU.Build.0 = Debug|Any CPU
		{54D70F74-1FEE-4D68-AAF7-C9D839EC07ED}.Release|Any CPU.ActiveCfg = Release|Any CPU
		{54D70F74-1FEE-4D68-AAF7-C9D839EC07ED}.Release|Any CPU.Build.0 = Release|Any CPU
		{57DA836E-1AFE-4D7C-9BF0-DC47BAFA18BB}.Debug|Any CPU.ActiveCfg = Debug|Any CPU
		{57DA836E-1AFE-4D7C-9BF0-DC47BAFA18BB}.Debug|Any CPU.Build.0 = Debug|Any CPU
		{57DA836E-1AFE-4D7C-9BF0-DC47BAFA18BB}.Release|Any CPU.ActiveCfg = Release|Any CPU
		{57DA836E-1AFE-4D7C-9BF0-DC47BAFA18BB}.Release|Any CPU.Build.0 = Release|Any CPU
		{B4B37243-F9F7-45FE-AC83-F9D384B141D0}.Debug|Any CPU.ActiveCfg = Debug|Any CPU
		{B4B37243-F9F7-45FE-AC83-F9D384B141D0}.Debug|Any CPU.Build.0 = Debug|Any CPU
		{B4B37243-F9F7-45FE-AC83-F9D384B141D0}.Release|Any CPU.ActiveCfg = Release|Any CPU
		{B4B37243-F9F7-45FE-AC83-F9D384B141D0}.Release|Any CPU.Build.0 = Release|Any CPU
		{B635C6C6-044D-4403-90D9-0B833C84B7C8}.Debug|Any CPU.ActiveCfg = Debug|Any CPU
		{B635C6C6-044D-4403-90D9-0B833C84B7C8}.Debug|Any CPU.Build.0 = Debug|Any CPU
		{B635C6C6-044D-4403-90D9-0B833C84B7C8}.Release|Any CPU.ActiveCfg = Release|Any CPU
		{B635C6C6-044D-4403-90D9-0B833C84B7C8}.Release|Any CPU.Build.0 = Release|Any CPU
		{1EA9CD64-6DFA-4BBB-945B-104F7841B8DA}.Debug|Any CPU.ActiveCfg = Debug|Any CPU
		{1EA9CD64-6DFA-4BBB-945B-104F7841B8DA}.Debug|Any CPU.Build.0 = Debug|Any CPU
		{1EA9CD64-6DFA-4BBB-945B-104F7841B8DA}.Release|Any CPU.ActiveCfg = Release|Any CPU
		{1EA9CD64-6DFA-4BBB-945B-104F7841B8DA}.Release|Any CPU.Build.0 = Release|Any CPU
		{6F7C33F9-7809-48B7-BC12-21A90AEED683}.Debug|Any CPU.ActiveCfg = Debug|Any CPU
		{6F7C33F9-7809-48B7-BC12-21A90AEED683}.Debug|Any CPU.Build.0 = Debug|Any CPU
		{6F7C33F9-7809-48B7-BC12-21A90AEED683}.Release|Any CPU.ActiveCfg = Release|Any CPU
		{6F7C33F9-7809-48B7-BC12-21A90AEED683}.Release|Any CPU.Build.0 = Release|Any CPU
		{424AC431-0E10-4789-BD95-302E40D3DD91}.Debug|Any CPU.ActiveCfg = Debug|Any CPU
		{424AC431-0E10-4789-BD95-302E40D3DD91}.Debug|Any CPU.Build.0 = Debug|Any CPU
		{424AC431-0E10-4789-BD95-302E40D3DD91}.Release|Any CPU.ActiveCfg = Release|Any CPU
		{424AC431-0E10-4789-BD95-302E40D3DD91}.Release|Any CPU.Build.0 = Release|Any CPU
		{5F6A28A2-E011-4A56-A9F3-6A81E23D9E42}.Debug|Any CPU.ActiveCfg = Debug|Any CPU
		{5F6A28A2-E011-4A56-A9F3-6A81E23D9E42}.Debug|Any CPU.Build.0 = Debug|Any CPU
		{5F6A28A2-E011-4A56-A9F3-6A81E23D9E42}.Release|Any CPU.ActiveCfg = Release|Any CPU
		{5F6A28A2-E011-4A56-A9F3-6A81E23D9E42}.Release|Any CPU.Build.0 = Release|Any CPU
		{6F339EB1-ADA0-46DE-9A4A-550B53B9B95D}.Debug|Any CPU.ActiveCfg = Debug|Any CPU
		{6F339EB1-ADA0-46DE-9A4A-550B53B9B95D}.Debug|Any CPU.Build.0 = Debug|Any CPU
		{6F339EB1-ADA0-46DE-9A4A-550B53B9B95D}.Release|Any CPU.ActiveCfg = Release|Any CPU
		{6F339EB1-ADA0-46DE-9A4A-550B53B9B95D}.Release|Any CPU.Build.0 = Release|Any CPU
		{2B91696E-5CC8-4AAB-9559-B04B6F57E09D}.Debug|Any CPU.ActiveCfg = Debug|Any CPU
		{2B91696E-5CC8-4AAB-9559-B04B6F57E09D}.Debug|Any CPU.Build.0 = Debug|Any CPU
		{2B91696E-5CC8-4AAB-9559-B04B6F57E09D}.Release|Any CPU.ActiveCfg = Release|Any CPU
		{2B91696E-5CC8-4AAB-9559-B04B6F57E09D}.Release|Any CPU.Build.0 = Release|Any CPU
		{3DAF1DB1-006E-406F-8ED4-0A607452ABB3}.Debug|Any CPU.ActiveCfg = Debug|Any CPU
		{3DAF1DB1-006E-406F-8ED4-0A607452ABB3}.Debug|Any CPU.Build.0 = Debug|Any CPU
		{3DAF1DB1-006E-406F-8ED4-0A607452ABB3}.Release|Any CPU.ActiveCfg = Release|Any CPU
		{3DAF1DB1-006E-406F-8ED4-0A607452ABB3}.Release|Any CPU.Build.0 = Release|Any CPU
		{077F83E0-FFE5-4DD2-9F25-713AAE245EED}.Debug|Any CPU.ActiveCfg = Debug|Any CPU
		{077F83E0-FFE5-4DD2-9F25-713AAE245EED}.Debug|Any CPU.Build.0 = Debug|Any CPU
		{077F83E0-FFE5-4DD2-9F25-713AAE245EED}.Release|Any CPU.ActiveCfg = Release|Any CPU
		{077F83E0-FFE5-4DD2-9F25-713AAE245EED}.Release|Any CPU.Build.0 = Release|Any CPU
		{2771A897-6132-4F2E-A6B8-96E64DE157B2}.Debug|Any CPU.ActiveCfg = Debug|Any CPU
		{2771A897-6132-4F2E-A6B8-96E64DE157B2}.Debug|Any CPU.Build.0 = Debug|Any CPU
		{2771A897-6132-4F2E-A6B8-96E64DE157B2}.Release|Any CPU.ActiveCfg = Release|Any CPU
		{2771A897-6132-4F2E-A6B8-96E64DE157B2}.Release|Any CPU.Build.0 = Release|Any CPU
		{D7C4DAD3-09E8-4B9D-8622-5442EC8ED865}.Debug|Any CPU.ActiveCfg = Debug|Any CPU
		{D7C4DAD3-09E8-4B9D-8622-5442EC8ED865}.Debug|Any CPU.Build.0 = Debug|Any CPU
		{D7C4DAD3-09E8-4B9D-8622-5442EC8ED865}.Release|Any CPU.ActiveCfg = Release|Any CPU
		{D7C4DAD3-09E8-4B9D-8622-5442EC8ED865}.Release|Any CPU.Build.0 = Release|Any CPU
		{42384262-1491-4212-86F9-770A39AA3E11}.Debug|Any CPU.ActiveCfg = Debug|Any CPU
		{42384262-1491-4212-86F9-770A39AA3E11}.Debug|Any CPU.Build.0 = Debug|Any CPU
		{42384262-1491-4212-86F9-770A39AA3E11}.Release|Any CPU.ActiveCfg = Release|Any CPU
		{42384262-1491-4212-86F9-770A39AA3E11}.Release|Any CPU.Build.0 = Release|Any CPU
		{D6D8449F-ABCA-4449-BC4B-3CE291D8D63D}.Debug|Any CPU.ActiveCfg = Debug|Any CPU
		{D6D8449F-ABCA-4449-BC4B-3CE291D8D63D}.Debug|Any CPU.Build.0 = Debug|Any CPU
		{D6D8449F-ABCA-4449-BC4B-3CE291D8D63D}.Release|Any CPU.ActiveCfg = Release|Any CPU
		{D6D8449F-ABCA-4449-BC4B-3CE291D8D63D}.Release|Any CPU.Build.0 = Release|Any CPU
		{7375A529-48C2-4E92-B42E-2875E1D04BE0}.Debug|Any CPU.ActiveCfg = Debug|Any CPU
		{7375A529-48C2-4E92-B42E-2875E1D04BE0}.Debug|Any CPU.Build.0 = Debug|Any CPU
		{7375A529-48C2-4E92-B42E-2875E1D04BE0}.Release|Any CPU.ActiveCfg = Release|Any CPU
		{7375A529-48C2-4E92-B42E-2875E1D04BE0}.Release|Any CPU.Build.0 = Release|Any CPU
		{723627DB-C546-43FA-BCB5-1BAA8E865377}.Debug|Any CPU.ActiveCfg = Debug|Any CPU
		{723627DB-C546-43FA-BCB5-1BAA8E865377}.Debug|Any CPU.Build.0 = Debug|Any CPU
		{723627DB-C546-43FA-BCB5-1BAA8E865377}.Release|Any CPU.ActiveCfg = Release|Any CPU
		{723627DB-C546-43FA-BCB5-1BAA8E865377}.Release|Any CPU.Build.0 = Release|Any CPU
		{6D84887C-27BF-4CF7-9D79-A32300B4EA0A}.Debug|Any CPU.ActiveCfg = Debug|Any CPU
		{6D84887C-27BF-4CF7-9D79-A32300B4EA0A}.Debug|Any CPU.Build.0 = Debug|Any CPU
		{6D84887C-27BF-4CF7-9D79-A32300B4EA0A}.Release|Any CPU.ActiveCfg = Release|Any CPU
		{6D84887C-27BF-4CF7-9D79-A32300B4EA0A}.Release|Any CPU.Build.0 = Release|Any CPU
		{25326ADE-74C3-4A6B-A038-2AB4381F1A83}.Debug|Any CPU.ActiveCfg = Debug|Any CPU
		{25326ADE-74C3-4A6B-A038-2AB4381F1A83}.Debug|Any CPU.Build.0 = Debug|Any CPU
		{25326ADE-74C3-4A6B-A038-2AB4381F1A83}.Release|Any CPU.ActiveCfg = Release|Any CPU
		{25326ADE-74C3-4A6B-A038-2AB4381F1A83}.Release|Any CPU.Build.0 = Release|Any CPU
		{C80D4D4E-9684-464F-92F8-72BAB6B43728}.Debug|Any CPU.ActiveCfg = Debug|Any CPU
		{C80D4D4E-9684-464F-92F8-72BAB6B43728}.Debug|Any CPU.Build.0 = Debug|Any CPU
		{C80D4D4E-9684-464F-92F8-72BAB6B43728}.Release|Any CPU.ActiveCfg = Release|Any CPU
		{C80D4D4E-9684-464F-92F8-72BAB6B43728}.Release|Any CPU.Build.0 = Release|Any CPU
		{377581B4-364F-4FF6-8DC0-C1BC59D0CF2A}.Debug|Any CPU.ActiveCfg = Debug|Any CPU
		{377581B4-364F-4FF6-8DC0-C1BC59D0CF2A}.Debug|Any CPU.Build.0 = Debug|Any CPU
		{377581B4-364F-4FF6-8DC0-C1BC59D0CF2A}.Release|Any CPU.ActiveCfg = Release|Any CPU
		{377581B4-364F-4FF6-8DC0-C1BC59D0CF2A}.Release|Any CPU.Build.0 = Release|Any CPU
		{CCE1F356-FBC9-4199-ADFE-79D4BCBF3C82}.Debug|Any CPU.ActiveCfg = Debug|Any CPU
		{CCE1F356-FBC9-4199-ADFE-79D4BCBF3C82}.Debug|Any CPU.Build.0 = Debug|Any CPU
		{CCE1F356-FBC9-4199-ADFE-79D4BCBF3C82}.Release|Any CPU.ActiveCfg = Release|Any CPU
		{CCE1F356-FBC9-4199-ADFE-79D4BCBF3C82}.Release|Any CPU.Build.0 = Release|Any CPU
		{366D05FB-9375-4DBE-B91B-35A66BD33C3B}.Debug|Any CPU.ActiveCfg = Debug|Any CPU
		{366D05FB-9375-4DBE-B91B-35A66BD33C3B}.Debug|Any CPU.Build.0 = Debug|Any CPU
		{366D05FB-9375-4DBE-B91B-35A66BD33C3B}.Release|Any CPU.ActiveCfg = Release|Any CPU
		{366D05FB-9375-4DBE-B91B-35A66BD33C3B}.Release|Any CPU.Build.0 = Release|Any CPU
		{D6B1BDFE-2A53-47A1-BC35-92D482F5365B}.Debug|Any CPU.ActiveCfg = Debug|Any CPU
		{D6B1BDFE-2A53-47A1-BC35-92D482F5365B}.Debug|Any CPU.Build.0 = Debug|Any CPU
		{D6B1BDFE-2A53-47A1-BC35-92D482F5365B}.Release|Any CPU.ActiveCfg = Release|Any CPU
		{D6B1BDFE-2A53-47A1-BC35-92D482F5365B}.Release|Any CPU.Build.0 = Release|Any CPU
		{0CD3074E-5F90-4753-8D52-76B8604366C1}.Debug|Any CPU.ActiveCfg = Debug|Any CPU
		{0CD3074E-5F90-4753-8D52-76B8604366C1}.Debug|Any CPU.Build.0 = Debug|Any CPU
		{0CD3074E-5F90-4753-8D52-76B8604366C1}.Release|Any CPU.ActiveCfg = Release|Any CPU
		{0CD3074E-5F90-4753-8D52-76B8604366C1}.Release|Any CPU.Build.0 = Release|Any CPU
		{8FFD9F13-1F91-40BD-AF53-9A773EB57BA0}.Debug|Any CPU.ActiveCfg = Debug|Any CPU
		{8FFD9F13-1F91-40BD-AF53-9A773EB57BA0}.Debug|Any CPU.Build.0 = Debug|Any CPU
		{8FFD9F13-1F91-40BD-AF53-9A773EB57BA0}.Release|Any CPU.ActiveCfg = Release|Any CPU
		{8FFD9F13-1F91-40BD-AF53-9A773EB57BA0}.Release|Any CPU.Build.0 = Release|Any CPU
		{55B99685-C168-49E9-A7E3-865D9D68D23C}.Debug|Any CPU.ActiveCfg = Debug|Any CPU
		{55B99685-C168-49E9-A7E3-865D9D68D23C}.Debug|Any CPU.Build.0 = Debug|Any CPU
		{55B99685-C168-49E9-A7E3-865D9D68D23C}.Release|Any CPU.ActiveCfg = Release|Any CPU
		{55B99685-C168-49E9-A7E3-865D9D68D23C}.Release|Any CPU.Build.0 = Release|Any CPU
		{C78B0DBF-6505-4D8F-BE3A-22446AD9CBD9}.Debug|Any CPU.ActiveCfg = Debug|Any CPU
		{C78B0DBF-6505-4D8F-BE3A-22446AD9CBD9}.Debug|Any CPU.Build.0 = Debug|Any CPU
		{C78B0DBF-6505-4D8F-BE3A-22446AD9CBD9}.Release|Any CPU.ActiveCfg = Release|Any CPU
		{C78B0DBF-6505-4D8F-BE3A-22446AD9CBD9}.Release|Any CPU.Build.0 = Release|Any CPU
		{21C3652D-0CC1-4D46-8050-72EC34CF6403}.Debug|Any CPU.ActiveCfg = Debug|Any CPU
		{21C3652D-0CC1-4D46-8050-72EC34CF6403}.Debug|Any CPU.Build.0 = Debug|Any CPU
		{21C3652D-0CC1-4D46-8050-72EC34CF6403}.Release|Any CPU.ActiveCfg = Release|Any CPU
		{21C3652D-0CC1-4D46-8050-72EC34CF6403}.Release|Any CPU.Build.0 = Release|Any CPU
		{9CD89FB0-7066-4C5A-AA12-EA5680640888}.Debug|Any CPU.ActiveCfg = Debug|Any CPU
		{9CD89FB0-7066-4C5A-AA12-EA5680640888}.Debug|Any CPU.Build.0 = Debug|Any CPU
		{9CD89FB0-7066-4C5A-AA12-EA5680640888}.Release|Any CPU.ActiveCfg = Release|Any CPU
		{9CD89FB0-7066-4C5A-AA12-EA5680640888}.Release|Any CPU.Build.0 = Release|Any CPU
		{89F20D28-E035-4A75-8722-0A33FCC38E1D}.Debug|Any CPU.ActiveCfg = Debug|Any CPU
		{89F20D28-E035-4A75-8722-0A33FCC38E1D}.Debug|Any CPU.Build.0 = Debug|Any CPU
		{89F20D28-E035-4A75-8722-0A33FCC38E1D}.Release|Any CPU.ActiveCfg = Release|Any CPU
		{89F20D28-E035-4A75-8722-0A33FCC38E1D}.Release|Any CPU.Build.0 = Release|Any CPU
		{4B3EC540-AC44-436F-AD47-C31A63FEBE5C}.Debug|Any CPU.ActiveCfg = Debug|Any CPU
		{4B3EC540-AC44-436F-AD47-C31A63FEBE5C}.Debug|Any CPU.Build.0 = Debug|Any CPU
		{4B3EC540-AC44-436F-AD47-C31A63FEBE5C}.Release|Any CPU.ActiveCfg = Release|Any CPU
		{4B3EC540-AC44-436F-AD47-C31A63FEBE5C}.Release|Any CPU.Build.0 = Release|Any CPU
		{6E5B20EF-E7C5-4715-A080-BC934D346BD8}.Debug|Any CPU.ActiveCfg = Debug|Any CPU
		{6E5B20EF-E7C5-4715-A080-BC934D346BD8}.Debug|Any CPU.Build.0 = Debug|Any CPU
		{6E5B20EF-E7C5-4715-A080-BC934D346BD8}.Release|Any CPU.ActiveCfg = Release|Any CPU
		{6E5B20EF-E7C5-4715-A080-BC934D346BD8}.Release|Any CPU.Build.0 = Release|Any CPU
		{2281FC7F-E52F-45F8-936A-A4029449F23D}.Debug|Any CPU.ActiveCfg = Debug|Any CPU
		{2281FC7F-E52F-45F8-936A-A4029449F23D}.Debug|Any CPU.Build.0 = Debug|Any CPU
		{2281FC7F-E52F-45F8-936A-A4029449F23D}.Release|Any CPU.ActiveCfg = Release|Any CPU
		{2281FC7F-E52F-45F8-936A-A4029449F23D}.Release|Any CPU.Build.0 = Release|Any CPU
		{CD19DBDF-0DE8-4F61-B910-D77385649EF3}.Debug|Any CPU.ActiveCfg = Debug|Any CPU
		{CD19DBDF-0DE8-4F61-B910-D77385649EF3}.Debug|Any CPU.Build.0 = Debug|Any CPU
		{CD19DBDF-0DE8-4F61-B910-D77385649EF3}.Release|Any CPU.ActiveCfg = Release|Any CPU
		{CD19DBDF-0DE8-4F61-B910-D77385649EF3}.Release|Any CPU.Build.0 = Release|Any CPU
		{DA021F88-B67E-45CB-9AF0-B4787A29E3A1}.Debug|Any CPU.ActiveCfg = Debug|Any CPU
		{DA021F88-B67E-45CB-9AF0-B4787A29E3A1}.Debug|Any CPU.Build.0 = Debug|Any CPU
		{DA021F88-B67E-45CB-9AF0-B4787A29E3A1}.Release|Any CPU.ActiveCfg = Release|Any CPU
		{DA021F88-B67E-45CB-9AF0-B4787A29E3A1}.Release|Any CPU.Build.0 = Release|Any CPU
	EndGlobalSection
	GlobalSection(SolutionProperties) = preSolution
		HideSolutionNode = FALSE
	EndGlobalSection
	GlobalSection(NestedProjects) = preSolution
		{D9F5B9B1-BC4F-4E39-9A2D-1555BF37C5FE} = {16572BAE-40F4-47A8-BC9F-F59037643A63}
		{4D829F4E-A1B6-4336-A525-7E0380AE10BA} = {E983FD40-2749-4C04-B6BA-E835CA4045C8}
		{B6D79AE0-36C8-4E91-B901-FC4B95716A8B} = {4D829F4E-A1B6-4336-A525-7E0380AE10BA}
		{B7B80A5F-A4AB-4537-A31E-63A174D292E7} = {E983FD40-2749-4C04-B6BA-E835CA4045C8}
		{610F21C8-7537-4C2F-9B95-8A2CDE7ED324} = {B7B80A5F-A4AB-4537-A31E-63A174D292E7}
		{31905177-9D55-4044-AF83-48A4D18AD336} = {F0324D42-F8FB-4E90-A0BF-087114BAE18A}
		{EE7D0F1C-8505-4687-8E53-6ECEFD5C362C} = {31905177-9D55-4044-AF83-48A4D18AD336}
		{A07C5414-6721-4BC7-A9D0-43C3BE6D527A} = {31905177-9D55-4044-AF83-48A4D18AD336}
		{C542E850-429B-4184-9248-F2B75D54A5A4} = {E983FD40-2749-4C04-B6BA-E835CA4045C8}
		{0D1459AB-D13A-416D-8EA6-DFE8A3E28F46} = {C542E850-429B-4184-9248-F2B75D54A5A4}
		{BFB4F120-B089-4B4A-BB0B-E6A59F3958CE} = {C542E850-429B-4184-9248-F2B75D54A5A4}
		{24FABB74-AF34-4428-B307-E8B0BB582AD0} = {F0324D42-F8FB-4E90-A0BF-087114BAE18A}
		{2298EB38-A1D8-48D8-8C48-86E8E8DF0B2E} = {24FABB74-AF34-4428-B307-E8B0BB582AD0}
		{69A863DE-CFDA-458C-BC52-43A0296C3EE5} = {E983FD40-2749-4C04-B6BA-E835CA4045C8}
		{3431ABC0-FEC1-4D1B-8E11-7B0FF19DB9E4} = {69A863DE-CFDA-458C-BC52-43A0296C3EE5}
		{4027B7F9-D11E-4DAA-86A4-8DF0ED6F09E6} = {F0324D42-F8FB-4E90-A0BF-087114BAE18A}
		{1AC04A9F-4D19-499A-A42F-5FF44B04E762} = {F0324D42-F8FB-4E90-A0BF-087114BAE18A}
		{E6874637-1CC0-46B2-85D9-277D0995FD07} = {4027B7F9-D11E-4DAA-86A4-8DF0ED6F09E6}
		{B101CC09-752E-4C39-8AB7-B1D35CB371ED} = {1AC04A9F-4D19-499A-A42F-5FF44B04E762}
		{D02F0DBB-3163-4318-8CD1-696793330C66} = {1AC04A9F-4D19-499A-A42F-5FF44B04E762}
		{8D88587F-E7CB-439F-BD05-ED80AAB33DD6} = {E983FD40-2749-4C04-B6BA-E835CA4045C8}
		{54D70F74-1FEE-4D68-AAF7-C9D839EC07ED} = {8D88587F-E7CB-439F-BD05-ED80AAB33DD6}
		{E1461B94-2D3F-48BC-984A-C795C35A0277} = {E983FD40-2749-4C04-B6BA-E835CA4045C8}
		{06DBA39D-E41A-46E5-A3DB-F3CF97739B0B} = {E983FD40-2749-4C04-B6BA-E835CA4045C8}
		{57DA836E-1AFE-4D7C-9BF0-DC47BAFA18BB} = {06DBA39D-E41A-46E5-A3DB-F3CF97739B0B}
		{B4B37243-F9F7-45FE-AC83-F9D384B141D0} = {E1461B94-2D3F-48BC-984A-C795C35A0277}
		{E7D3D144-E3F6-4CD3-BC87-490C033CAFA3} = {E983FD40-2749-4C04-B6BA-E835CA4045C8}
		{B635C6C6-044D-4403-90D9-0B833C84B7C8} = {E7D3D144-E3F6-4CD3-BC87-490C033CAFA3}
		{1EA9CD64-6DFA-4BBB-945B-104F7841B8DA} = {E7D3D144-E3F6-4CD3-BC87-490C033CAFA3}
		{6F7C33F9-7809-48B7-BC12-21A90AEED683} = {E7D3D144-E3F6-4CD3-BC87-490C033CAFA3}
		{28F7EF20-FEA4-4A92-9C19-4BA69E2A63B9} = {E983FD40-2749-4C04-B6BA-E835CA4045C8}
		{424AC431-0E10-4789-BD95-302E40D3DD91} = {28F7EF20-FEA4-4A92-9C19-4BA69E2A63B9}
		{5F6A28A2-E011-4A56-A9F3-6A81E23D9E42} = {16572BAE-40F4-47A8-BC9F-F59037643A63}
		{6F339EB1-ADA0-46DE-9A4A-550B53B9B95D} = {4D829F4E-A1B6-4336-A525-7E0380AE10BA}
		{79DE2F76-9442-4992-992E-60129883ABA3} = {F0324D42-F8FB-4E90-A0BF-087114BAE18A}
		{2B91696E-5CC8-4AAB-9559-B04B6F57E09D} = {79DE2F76-9442-4992-992E-60129883ABA3}
		{3DAF1DB1-006E-406F-8ED4-0A607452ABB3} = {79DE2F76-9442-4992-992E-60129883ABA3}
		{077F83E0-FFE5-4DD2-9F25-713AAE245EED} = {16572BAE-40F4-47A8-BC9F-F59037643A63}
		{2771A897-6132-4F2E-A6B8-96E64DE157B2} = {16572BAE-40F4-47A8-BC9F-F59037643A63}
		{D7C4DAD3-09E8-4B9D-8622-5442EC8ED865} = {16572BAE-40F4-47A8-BC9F-F59037643A63}
		{42384262-1491-4212-86F9-770A39AA3E11} = {31905177-9D55-4044-AF83-48A4D18AD336}
		{7D5D72AD-B0FC-476E-AFEE-B302FE00EEA2} = {E983FD40-2749-4C04-B6BA-E835CA4045C8}
		{D6D8449F-ABCA-4449-BC4B-3CE291D8D63D} = {7D5D72AD-B0FC-476E-AFEE-B302FE00EEA2}
		{7375A529-48C2-4E92-B42E-2875E1D04BE0} = {16572BAE-40F4-47A8-BC9F-F59037643A63}
		{723627DB-C546-43FA-BCB5-1BAA8E865377} = {16572BAE-40F4-47A8-BC9F-F59037643A63}
		{6D84887C-27BF-4CF7-9D79-A32300B4EA0A} = {16572BAE-40F4-47A8-BC9F-F59037643A63}
		{25326ADE-74C3-4A6B-A038-2AB4381F1A83} = {16572BAE-40F4-47A8-BC9F-F59037643A63}
		{C80D4D4E-9684-464F-92F8-72BAB6B43728} = {16572BAE-40F4-47A8-BC9F-F59037643A63}
		{377581B4-364F-4FF6-8DC0-C1BC59D0CF2A} = {16572BAE-40F4-47A8-BC9F-F59037643A63}
		{59D71008-E3CC-446E-9387-A94BF1F9017F} = {E983FD40-2749-4C04-B6BA-E835CA4045C8}
		{CCE1F356-FBC9-4199-ADFE-79D4BCBF3C82} = {59D71008-E3CC-446E-9387-A94BF1F9017F}
		{A706B49E-0EF2-484B-AC9F-868418482359} = {E983FD40-2749-4C04-B6BA-E835CA4045C8}
		{366D05FB-9375-4DBE-B91B-35A66BD33C3B} = {A706B49E-0EF2-484B-AC9F-868418482359}
		{D6B1BDFE-2A53-47A1-BC35-92D482F5365B} = {06DBA39D-E41A-46E5-A3DB-F3CF97739B0B}
		{C315EF9D-B3CE-4366-8A8B-B1A03F3E2A60} = {E983FD40-2749-4C04-B6BA-E835CA4045C8}
		{0CD3074E-5F90-4753-8D52-76B8604366C1} = {C315EF9D-B3CE-4366-8A8B-B1A03F3E2A60}
		{717E16F6-0748-4568-9366-F8324A6144BB} = {F0324D42-F8FB-4E90-A0BF-087114BAE18A}
		{8FFD9F13-1F91-40BD-AF53-9A773EB57BA0} = {717E16F6-0748-4568-9366-F8324A6144BB}
		{55B99685-C168-49E9-A7E3-865D9D68D23C} = {717E16F6-0748-4568-9366-F8324A6144BB}
		{3632E7D7-8A68-43BA-967A-B3C549C46B65} = {E983FD40-2749-4C04-B6BA-E835CA4045C8}
		{C78B0DBF-6505-4D8F-BE3A-22446AD9CBD9} = {3632E7D7-8A68-43BA-967A-B3C549C46B65}
		{21C3652D-0CC1-4D46-8050-72EC34CF6403} = {E7D3D144-E3F6-4CD3-BC87-490C033CAFA3}
		{0CFA066D-4353-427D-827E-310A22AB30E9} = {E983FD40-2749-4C04-B6BA-E835CA4045C8}
		{9CD89FB0-7066-4C5A-AA12-EA5680640888} = {0CFA066D-4353-427D-827E-310A22AB30E9}
		{37802AE1-F94F-4C3C-B119-C6E83C2AECD3} = {E983FD40-2749-4C04-B6BA-E835CA4045C8}
		{89F20D28-E035-4A75-8722-0A33FCC38E1D} = {37802AE1-F94F-4C3C-B119-C6E83C2AECD3}
		{4B3EC540-AC44-436F-AD47-C31A63FEBE5C} = {4027B7F9-D11E-4DAA-86A4-8DF0ED6F09E6}
		{6E5B20EF-E7C5-4715-A080-BC934D346BD8} = {4027B7F9-D11E-4DAA-86A4-8DF0ED6F09E6}
		{2281FC7F-E52F-45F8-936A-A4029449F23D} = {1AC04A9F-4D19-499A-A42F-5FF44B04E762}
		{CD19DBDF-0DE8-4F61-B910-D77385649EF3} = {79DE2F76-9442-4992-992E-60129883ABA3}
		{DA021F88-B67E-45CB-9AF0-B4787A29E3A1} = {91A5D60B-AE95-4BF4-8D02-D2D6E984CAE9}
		{91A5D60B-AE95-4BF4-8D02-D2D6E984CAE9} = {E983FD40-2749-4C04-B6BA-E835CA4045C8}
	EndGlobalSection
	GlobalSection(ExtensibilityGlobals) = postSolution
		SolutionGuid = {899E014E-6FA2-40D9-9870-A893660A5F34}
	EndGlobalSection
EndGlobal
